
Microsoft Visual Studio Solution File, Format Version 12.00
# Visual Studio Version 17
VisualStudioVersion = 17.5.33424.131
MinimumVisualStudioVersion = 10.0.40219.1
Project("{8BC9CEB8-8B4A-11D0-8D11-00A0C91BC942}") = "1152 단어의 갯수", "Baekjoon\Baekjoon.vcxproj", "{78B1AE19-F8BB-4EB4-AF1D-51C563203871}"
EndProject
Project("{8BC9CEB8-8B4A-11D0-8D11-00A0C91BC942}") = "1009 분산처리", "1009 분산처리\1009 분산처리.vcxproj", "{D5DA874B-D71E-44FF-9B02-52658AA8015D}"
EndProject
Project("{8BC9CEB8-8B4A-11D0-8D11-00A0C91BC942}") = "10250 acm 호텔", "10250 acm 호텔\10250 acm 호텔.vcxproj", "{A41738A3-0AD7-4158-862F-213D13C15DBC}"
EndProject
Project("{8BC9CEB8-8B4A-11D0-8D11-00A0C91BC942}") = "2869 달팽이는 올라가고 싶다", "2669 달팽이는 올라가고 싶다\2669 달팽이는 올라가고 싶다.vcxproj", "{84C6AD52-DE0B-498A-A4B6-000D4FB50907}"
EndProject
Project("{8BC9CEB8-8B4A-11D0-8D11-00A0C91BC942}") = "2884 알람 시계", "2884 알람 시계\2884 알람 시계.vcxproj", "{619473D7-A716-456C-84AD-7FE0C35F1D7B}"
EndProject
Project("{8BC9CEB8-8B4A-11D0-8D11-00A0C91BC942}") = "2231 분해합", "0000 xxx\0000 xxx.vcxproj", "{55E11B43-8E29-476C-BFE0-BBC9A0259E5C}"
EndProject
Project("{8BC9CEB8-8B4A-11D0-8D11-00A0C91BC942}") = "2309 일곱 난쟁이", "2309 일곱 난쟁이\2309 일곱 난쟁이.vcxproj", "{624F9E23-8FDC-40B2-887E-0D9652AF99C2}"
EndProject
Project("{8BC9CEB8-8B4A-11D0-8D11-00A0C91BC942}") = "1018 체스판 다시 칠하", "1018 체스판 다시 칠하\1018 체스판 다시 칠하.vcxproj", "{E2C15909-06D9-453B-B7EB-96B392473D03}"
EndProject
Project("{8BC9CEB8-8B4A-11D0-8D11-00A0C91BC942}") = "17608 막대기", "17608 막대기\17608 막대기.vcxproj", "{3D5D8352-02E5-4BAB-8989-ACAB89BF44AB}"
EndProject
Project("{8BC9CEB8-8B4A-11D0-8D11-00A0C91BC942}") = "4796 캠핑", "4796 캠핑\4796 캠핑.vcxproj", "{0D680A07-C0BA-49E6-BB13-ED6B5FFE4D22}"
EndProject
Project("{8BC9CEB8-8B4A-11D0-8D11-00A0C91BC942}") = "1789 수들의 합", "1789 수들의 합\1789 수들의 합.vcxproj", "{66250891-5A96-4B29-A1AB-F839658934A1}"
EndProject
Project("{8BC9CEB8-8B4A-11D0-8D11-00A0C91BC942}") = "11047 동전 0", "11047 동전 0\11047 동전 0.vcxproj", "{A80EF856-81F0-416F-8A40-F8229FA6DE67}"
EndProject
Project("{8BC9CEB8-8B4A-11D0-8D11-00A0C91BC942}") = "1049 기타줄", "1049 기타줄\1049 기타줄.vcxproj", "{892A3F9B-BDC4-4690-8DAA-43D8E59E4B11}"
EndProject
Project("{8BC9CEB8-8B4A-11D0-8D11-00A0C91BC942}") = "1920 수 찾기", "1920 수 찾기\1920 수 찾기.vcxproj", "{82CB0D52-7A1B-4646-84AB-74F9B2FF69E2}"
EndProject
Project("{8BC9CEB8-8B4A-11D0-8D11-00A0C91BC942}") = "2805 나무 자르기", "2805 나무 자르기\2805 나무 자르기.vcxproj", "{1FFC76D7-B59A-4AEE-9F0D-B25BF6BDA653}"
EndProject
Project("{8BC9CEB8-8B4A-11D0-8D11-00A0C91BC942}") = "2747 파보나치 수", "2747 파보나치 수\2747 파보나치 수.vcxproj", "{162F43D3-DF26-4BF5-A10F-403251350966}"
EndProject
Project("{8BC9CEB8-8B4A-11D0-8D11-00A0C91BC942}") = "15813 너의 이름은 몇 점이니", "15813 너의 이름은 몇 점이니\15813 너의 이름은 몇 점이니.vcxproj", "{9619C4E2-2EE5-41CF-A962-0C9442A9096B}"
EndProject
Project("{8BC9CEB8-8B4A-11D0-8D11-00A0C91BC942}") = "1157 단어공부", "1157 단어공부\1157 단어공부.vcxproj", "{2304A038-C19E-465D-AAD9-6CC6FE87C1AD}"
EndProject
Project("{8BC9CEB8-8B4A-11D0-8D11-00A0C91BC942}") = "1110 더하기 사이클", "1110 더하기 사이클\1110 더하기 사이클.vcxproj", "{B1405461-8995-4975-8299-FDAFAFA18E1F}"
EndProject
Project("{8BC9CEB8-8B4A-11D0-8D11-00A0C91BC942}") = "1259 팰린드롬수", "1259 펠린드롬수\1259 펠린드롬수.vcxproj", "{00879B30-6D05-458D-B1B1-E286D4507ED0}"
EndProject
Project("{8BC9CEB8-8B4A-11D0-8D11-00A0C91BC942}") = "1076 저항", "1076 저항\1076 저항.vcxproj", "{1E829E68-8760-4404-8662-D8B816147B01}"
EndProject
Project("{8BC9CEB8-8B4A-11D0-8D11-00A0C91BC942}") = "2563 색종이", "색종이\색종이.vcxproj", "{F9293F56-046D-4E82-A08F-5C15C188ABD5}"
EndProject
Project("{8BC9CEB8-8B4A-11D0-8D11-00A0C91BC942}") = "1361 그룹 단어 체커", "1361 그룹 단어 체커\1361 그룹 단어 체커.vcxproj", "{6482276C-33D5-42AE-8526-0A21E5CF9590}"
EndProject
Global
	GlobalSection(SolutionConfigurationPlatforms) = preSolution
		Debug|x64 = Debug|x64
		Debug|x86 = Debug|x86
		Release|x64 = Release|x64
		Release|x86 = Release|x86
	EndGlobalSection
	GlobalSection(ProjectConfigurationPlatforms) = postSolution
		{78B1AE19-F8BB-4EB4-AF1D-51C563203871}.Debug|x64.ActiveCfg = Debug|x64
		{78B1AE19-F8BB-4EB4-AF1D-51C563203871}.Debug|x64.Build.0 = Debug|x64
		{78B1AE19-F8BB-4EB4-AF1D-51C563203871}.Debug|x86.ActiveCfg = Debug|Win32
		{78B1AE19-F8BB-4EB4-AF1D-51C563203871}.Debug|x86.Build.0 = Debug|Win32
		{78B1AE19-F8BB-4EB4-AF1D-51C563203871}.Release|x64.ActiveCfg = Release|x64
		{78B1AE19-F8BB-4EB4-AF1D-51C563203871}.Release|x64.Build.0 = Release|x64
		{78B1AE19-F8BB-4EB4-AF1D-51C563203871}.Release|x86.ActiveCfg = Release|Win32
		{78B1AE19-F8BB-4EB4-AF1D-51C563203871}.Release|x86.Build.0 = Release|Win32
		{D5DA874B-D71E-44FF-9B02-52658AA8015D}.Debug|x64.ActiveCfg = Debug|x64
		{D5DA874B-D71E-44FF-9B02-52658AA8015D}.Debug|x64.Build.0 = Debug|x64
		{D5DA874B-D71E-44FF-9B02-52658AA8015D}.Debug|x86.ActiveCfg = Debug|Win32
		{D5DA874B-D71E-44FF-9B02-52658AA8015D}.Debug|x86.Build.0 = Debug|Win32
		{D5DA874B-D71E-44FF-9B02-52658AA8015D}.Release|x64.ActiveCfg = Release|x64
		{D5DA874B-D71E-44FF-9B02-52658AA8015D}.Release|x64.Build.0 = Release|x64
		{D5DA874B-D71E-44FF-9B02-52658AA8015D}.Release|x86.ActiveCfg = Release|Win32
		{D5DA874B-D71E-44FF-9B02-52658AA8015D}.Release|x86.Build.0 = Release|Win32
		{A41738A3-0AD7-4158-862F-213D13C15DBC}.Debug|x64.ActiveCfg = Debug|x64
		{A41738A3-0AD7-4158-862F-213D13C15DBC}.Debug|x64.Build.0 = Debug|x64
		{A41738A3-0AD7-4158-862F-213D13C15DBC}.Debug|x86.ActiveCfg = Debug|Win32
		{A41738A3-0AD7-4158-862F-213D13C15DBC}.Debug|x86.Build.0 = Debug|Win32
		{A41738A3-0AD7-4158-862F-213D13C15DBC}.Release|x64.ActiveCfg = Release|x64
		{A41738A3-0AD7-4158-862F-213D13C15DBC}.Release|x64.Build.0 = Release|x64
		{A41738A3-0AD7-4158-862F-213D13C15DBC}.Release|x86.ActiveCfg = Release|Win32
		{A41738A3-0AD7-4158-862F-213D13C15DBC}.Release|x86.Build.0 = Release|Win32
		{84C6AD52-DE0B-498A-A4B6-000D4FB50907}.Debug|x64.ActiveCfg = Debug|x64
		{84C6AD52-DE0B-498A-A4B6-000D4FB50907}.Debug|x64.Build.0 = Debug|x64
		{84C6AD52-DE0B-498A-A4B6-000D4FB50907}.Debug|x86.ActiveCfg = Debug|Win32
		{84C6AD52-DE0B-498A-A4B6-000D4FB50907}.Debug|x86.Build.0 = Debug|Win32
		{84C6AD52-DE0B-498A-A4B6-000D4FB50907}.Release|x64.ActiveCfg = Release|x64
		{84C6AD52-DE0B-498A-A4B6-000D4FB50907}.Release|x64.Build.0 = Release|x64
		{84C6AD52-DE0B-498A-A4B6-000D4FB50907}.Release|x86.ActiveCfg = Release|Win32
		{84C6AD52-DE0B-498A-A4B6-000D4FB50907}.Release|x86.Build.0 = Release|Win32
		{619473D7-A716-456C-84AD-7FE0C35F1D7B}.Debug|x64.ActiveCfg = Debug|x64
		{619473D7-A716-456C-84AD-7FE0C35F1D7B}.Debug|x64.Build.0 = Debug|x64
		{619473D7-A716-456C-84AD-7FE0C35F1D7B}.Debug|x86.ActiveCfg = Debug|Win32
		{619473D7-A716-456C-84AD-7FE0C35F1D7B}.Debug|x86.Build.0 = Debug|Win32
		{619473D7-A716-456C-84AD-7FE0C35F1D7B}.Release|x64.ActiveCfg = Release|x64
		{619473D7-A716-456C-84AD-7FE0C35F1D7B}.Release|x64.Build.0 = Release|x64
		{619473D7-A716-456C-84AD-7FE0C35F1D7B}.Release|x86.ActiveCfg = Release|Win32
		{619473D7-A716-456C-84AD-7FE0C35F1D7B}.Release|x86.Build.0 = Release|Win32
		{55E11B43-8E29-476C-BFE0-BBC9A0259E5C}.Debug|x64.ActiveCfg = Debug|x64
		{55E11B43-8E29-476C-BFE0-BBC9A0259E5C}.Debug|x64.Build.0 = Debug|x64
		{55E11B43-8E29-476C-BFE0-BBC9A0259E5C}.Debug|x86.ActiveCfg = Debug|Win32
		{55E11B43-8E29-476C-BFE0-BBC9A0259E5C}.Debug|x86.Build.0 = Debug|Win32
		{55E11B43-8E29-476C-BFE0-BBC9A0259E5C}.Release|x64.ActiveCfg = Release|x64
		{55E11B43-8E29-476C-BFE0-BBC9A0259E5C}.Release|x64.Build.0 = Release|x64
		{55E11B43-8E29-476C-BFE0-BBC9A0259E5C}.Release|x86.ActiveCfg = Release|Win32
		{55E11B43-8E29-476C-BFE0-BBC9A0259E5C}.Release|x86.Build.0 = Release|Win32
		{624F9E23-8FDC-40B2-887E-0D9652AF99C2}.Debug|x64.ActiveCfg = Debug|x64
		{624F9E23-8FDC-40B2-887E-0D9652AF99C2}.Debug|x64.Build.0 = Debug|x64
		{624F9E23-8FDC-40B2-887E-0D9652AF99C2}.Debug|x86.ActiveCfg = Debug|Win32
		{624F9E23-8FDC-40B2-887E-0D9652AF99C2}.Debug|x86.Build.0 = Debug|Win32
		{624F9E23-8FDC-40B2-887E-0D9652AF99C2}.Release|x64.ActiveCfg = Release|x64
		{624F9E23-8FDC-40B2-887E-0D9652AF99C2}.Release|x64.Build.0 = Release|x64
		{624F9E23-8FDC-40B2-887E-0D9652AF99C2}.Release|x86.ActiveCfg = Release|Win32
		{624F9E23-8FDC-40B2-887E-0D9652AF99C2}.Release|x86.Build.0 = Release|Win32
		{E2C15909-06D9-453B-B7EB-96B392473D03}.Debug|x64.ActiveCfg = Debug|x64
		{E2C15909-06D9-453B-B7EB-96B392473D03}.Debug|x64.Build.0 = Debug|x64
		{E2C15909-06D9-453B-B7EB-96B392473D03}.Debug|x86.ActiveCfg = Debug|Win32
		{E2C15909-06D9-453B-B7EB-96B392473D03}.Debug|x86.Build.0 = Debug|Win32
		{E2C15909-06D9-453B-B7EB-96B392473D03}.Release|x64.ActiveCfg = Release|x64
		{E2C15909-06D9-453B-B7EB-96B392473D03}.Release|x64.Build.0 = Release|x64
		{E2C15909-06D9-453B-B7EB-96B392473D03}.Release|x86.ActiveCfg = Release|Win32
		{E2C15909-06D9-453B-B7EB-96B392473D03}.Release|x86.Build.0 = Release|Win32
		{3D5D8352-02E5-4BAB-8989-ACAB89BF44AB}.Debug|x64.ActiveCfg = Debug|x64
		{3D5D8352-02E5-4BAB-8989-ACAB89BF44AB}.Debug|x64.Build.0 = Debug|x64
		{3D5D8352-02E5-4BAB-8989-ACAB89BF44AB}.Debug|x86.ActiveCfg = Debug|Win32
		{3D5D8352-02E5-4BAB-8989-ACAB89BF44AB}.Debug|x86.Build.0 = Debug|Win32
		{3D5D8352-02E5-4BAB-8989-ACAB89BF44AB}.Release|x64.ActiveCfg = Release|x64
		{3D5D8352-02E5-4BAB-8989-ACAB89BF44AB}.Release|x64.Build.0 = Release|x64
		{3D5D8352-02E5-4BAB-8989-ACAB89BF44AB}.Release|x86.ActiveCfg = Release|Win32
		{3D5D8352-02E5-4BAB-8989-ACAB89BF44AB}.Release|x86.Build.0 = Release|Win32
		{0D680A07-C0BA-49E6-BB13-ED6B5FFE4D22}.Debug|x64.ActiveCfg = Debug|x64
		{0D680A07-C0BA-49E6-BB13-ED6B5FFE4D22}.Debug|x64.Build.0 = Debug|x64
		{0D680A07-C0BA-49E6-BB13-ED6B5FFE4D22}.Debug|x86.ActiveCfg = Debug|Win32
		{0D680A07-C0BA-49E6-BB13-ED6B5FFE4D22}.Debug|x86.Build.0 = Debug|Win32
		{0D680A07-C0BA-49E6-BB13-ED6B5FFE4D22}.Release|x64.ActiveCfg = Release|x64
		{0D680A07-C0BA-49E6-BB13-ED6B5FFE4D22}.Release|x64.Build.0 = Release|x64
		{0D680A07-C0BA-49E6-BB13-ED6B5FFE4D22}.Release|x86.ActiveCfg = Release|Win32
		{0D680A07-C0BA-49E6-BB13-ED6B5FFE4D22}.Release|x86.Build.0 = Release|Win32
		{66250891-5A96-4B29-A1AB-F839658934A1}.Debug|x64.ActiveCfg = Debug|x64
		{66250891-5A96-4B29-A1AB-F839658934A1}.Debug|x64.Build.0 = Debug|x64
		{66250891-5A96-4B29-A1AB-F839658934A1}.Debug|x86.ActiveCfg = Debug|Win32
		{66250891-5A96-4B29-A1AB-F839658934A1}.Debug|x86.Build.0 = Debug|Win32
		{66250891-5A96-4B29-A1AB-F839658934A1}.Release|x64.ActiveCfg = Release|x64
		{66250891-5A96-4B29-A1AB-F839658934A1}.Release|x64.Build.0 = Release|x64
		{66250891-5A96-4B29-A1AB-F839658934A1}.Release|x86.ActiveCfg = Release|Win32
		{66250891-5A96-4B29-A1AB-F839658934A1}.Release|x86.Build.0 = Release|Win32
		{A80EF856-81F0-416F-8A40-F8229FA6DE67}.Debug|x64.ActiveCfg = Debug|x64
		{A80EF856-81F0-416F-8A40-F8229FA6DE67}.Debug|x64.Build.0 = Debug|x64
		{A80EF856-81F0-416F-8A40-F8229FA6DE67}.Debug|x86.ActiveCfg = Debug|Win32
		{A80EF856-81F0-416F-8A40-F8229FA6DE67}.Debug|x86.Build.0 = Debug|Win32
		{A80EF856-81F0-416F-8A40-F8229FA6DE67}.Release|x64.ActiveCfg = Release|x64
		{A80EF856-81F0-416F-8A40-F8229FA6DE67}.Release|x64.Build.0 = Release|x64
		{A80EF856-81F0-416F-8A40-F8229FA6DE67}.Release|x86.ActiveCfg = Release|Win32
		{A80EF856-81F0-416F-8A40-F8229FA6DE67}.Release|x86.Build.0 = Release|Win32
		{892A3F9B-BDC4-4690-8DAA-43D8E59E4B11}.Debug|x64.ActiveCfg = Debug|x64
		{892A3F9B-BDC4-4690-8DAA-43D8E59E4B11}.Debug|x64.Build.0 = Debug|x64
		{892A3F9B-BDC4-4690-8DAA-43D8E59E4B11}.Debug|x86.ActiveCfg = Debug|Win32
		{892A3F9B-BDC4-4690-8DAA-43D8E59E4B11}.Debug|x86.Build.0 = Debug|Win32
		{892A3F9B-BDC4-4690-8DAA-43D8E59E4B11}.Release|x64.ActiveCfg = Release|x64
		{892A3F9B-BDC4-4690-8DAA-43D8E59E4B11}.Release|x64.Build.0 = Release|x64
		{892A3F9B-BDC4-4690-8DAA-43D8E59E4B11}.Release|x86.ActiveCfg = Release|Win32
		{892A3F9B-BDC4-4690-8DAA-43D8E59E4B11}.Release|x86.Build.0 = Release|Win32
		{82CB0D52-7A1B-4646-84AB-74F9B2FF69E2}.Debug|x64.ActiveCfg = Debug|x64
		{82CB0D52-7A1B-4646-84AB-74F9B2FF69E2}.Debug|x64.Build.0 = Debug|x64
		{82CB0D52-7A1B-4646-84AB-74F9B2FF69E2}.Debug|x86.ActiveCfg = Debug|Win32
		{82CB0D52-7A1B-4646-84AB-74F9B2FF69E2}.Debug|x86.Build.0 = Debug|Win32
		{82CB0D52-7A1B-4646-84AB-74F9B2FF69E2}.Release|x64.ActiveCfg = Release|x64
		{82CB0D52-7A1B-4646-84AB-74F9B2FF69E2}.Release|x64.Build.0 = Release|x64
		{82CB0D52-7A1B-4646-84AB-74F9B2FF69E2}.Release|x86.ActiveCfg = Release|Win32
		{82CB0D52-7A1B-4646-84AB-74F9B2FF69E2}.Release|x86.Build.0 = Release|Win32
		{1FFC76D7-B59A-4AEE-9F0D-B25BF6BDA653}.Debug|x64.ActiveCfg = Debug|x64
		{1FFC76D7-B59A-4AEE-9F0D-B25BF6BDA653}.Debug|x64.Build.0 = Debug|x64
		{1FFC76D7-B59A-4AEE-9F0D-B25BF6BDA653}.Debug|x86.ActiveCfg = Debug|Win32
		{1FFC76D7-B59A-4AEE-9F0D-B25BF6BDA653}.Debug|x86.Build.0 = Debug|Win32
		{1FFC76D7-B59A-4AEE-9F0D-B25BF6BDA653}.Release|x64.ActiveCfg = Release|x64
		{1FFC76D7-B59A-4AEE-9F0D-B25BF6BDA653}.Release|x64.Build.0 = Release|x64
		{1FFC76D7-B59A-4AEE-9F0D-B25BF6BDA653}.Release|x86.ActiveCfg = Release|Win32
		{1FFC76D7-B59A-4AEE-9F0D-B25BF6BDA653}.Release|x86.Build.0 = Release|Win32
		{162F43D3-DF26-4BF5-A10F-403251350966}.Debug|x64.ActiveCfg = Debug|x64
		{162F43D3-DF26-4BF5-A10F-403251350966}.Debug|x64.Build.0 = Debug|x64
		{162F43D3-DF26-4BF5-A10F-403251350966}.Debug|x86.ActiveCfg = Debug|Win32
		{162F43D3-DF26-4BF5-A10F-403251350966}.Debug|x86.Build.0 = Debug|Win32
		{162F43D3-DF26-4BF5-A10F-403251350966}.Release|x64.ActiveCfg = Release|x64
		{162F43D3-DF26-4BF5-A10F-403251350966}.Release|x64.Build.0 = Release|x64
		{162F43D3-DF26-4BF5-A10F-403251350966}.Release|x86.ActiveCfg = Release|Win32
		{162F43D3-DF26-4BF5-A10F-403251350966}.Release|x86.Build.0 = Release|Win32
		{9619C4E2-2EE5-41CF-A962-0C9442A9096B}.Debug|x64.ActiveCfg = Debug|x64
		{9619C4E2-2EE5-41CF-A962-0C9442A9096B}.Debug|x64.Build.0 = Debug|x64
		{9619C4E2-2EE5-41CF-A962-0C9442A9096B}.Debug|x86.ActiveCfg = Debug|Win32
		{9619C4E2-2EE5-41CF-A962-0C9442A9096B}.Debug|x86.Build.0 = Debug|Win32
		{9619C4E2-2EE5-41CF-A962-0C9442A9096B}.Release|x64.ActiveCfg = Release|x64
		{9619C4E2-2EE5-41CF-A962-0C9442A9096B}.Release|x64.Build.0 = Release|x64
		{9619C4E2-2EE5-41CF-A962-0C9442A9096B}.Release|x86.ActiveCfg = Release|Win32
		{9619C4E2-2EE5-41CF-A962-0C9442A9096B}.Release|x86.Build.0 = Release|Win32
		{2304A038-C19E-465D-AAD9-6CC6FE87C1AD}.Debug|x64.ActiveCfg = Debug|x64
		{2304A038-C19E-465D-AAD9-6CC6FE87C1AD}.Debug|x64.Build.0 = Debug|x64
		{2304A038-C19E-465D-AAD9-6CC6FE87C1AD}.Debug|x86.ActiveCfg = Debug|Win32
		{2304A038-C19E-465D-AAD9-6CC6FE87C1AD}.Debug|x86.Build.0 = Debug|Win32
		{2304A038-C19E-465D-AAD9-6CC6FE87C1AD}.Release|x64.ActiveCfg = Release|x64
		{2304A038-C19E-465D-AAD9-6CC6FE87C1AD}.Release|x64.Build.0 = Release|x64
		{2304A038-C19E-465D-AAD9-6CC6FE87C1AD}.Release|x86.ActiveCfg = Release|Win32
		{2304A038-C19E-465D-AAD9-6CC6FE87C1AD}.Release|x86.Build.0 = Release|Win32
		{B1405461-8995-4975-8299-FDAFAFA18E1F}.Debug|x64.ActiveCfg = Debug|x64
		{B1405461-8995-4975-8299-FDAFAFA18E1F}.Debug|x64.Build.0 = Debug|x64
		{B1405461-8995-4975-8299-FDAFAFA18E1F}.Debug|x86.ActiveCfg = Debug|Win32
		{B1405461-8995-4975-8299-FDAFAFA18E1F}.Debug|x86.Build.0 = Debug|Win32
		{B1405461-8995-4975-8299-FDAFAFA18E1F}.Release|x64.ActiveCfg = Release|x64
		{B1405461-8995-4975-8299-FDAFAFA18E1F}.Release|x64.Build.0 = Release|x64
		{B1405461-8995-4975-8299-FDAFAFA18E1F}.Release|x86.ActiveCfg = Release|Win32
		{B1405461-8995-4975-8299-FDAFAFA18E1F}.Release|x86.Build.0 = Release|Win32
		{00879B30-6D05-458D-B1B1-E286D4507ED0}.Debug|x64.ActiveCfg = Debug|x64
		{00879B30-6D05-458D-B1B1-E286D4507ED0}.Debug|x64.Build.0 = Debug|x64
		{00879B30-6D05-458D-B1B1-E286D4507ED0}.Debug|x86.ActiveCfg = Debug|Win32
		{00879B30-6D05-458D-B1B1-E286D4507ED0}.Debug|x86.Build.0 = Debug|Win32
		{00879B30-6D05-458D-B1B1-E286D4507ED0}.Release|x64.ActiveCfg = Release|x64
		{00879B30-6D05-458D-B1B1-E286D4507ED0}.Release|x64.Build.0 = Release|x64
		{00879B30-6D05-458D-B1B1-E286D4507ED0}.Release|x86.ActiveCfg = Release|Win32
		{00879B30-6D05-458D-B1B1-E286D4507ED0}.Release|x86.Build.0 = Release|Win32
		{1E829E68-8760-4404-8662-D8B816147B01}.Debug|x64.ActiveCfg = Debug|x64
		{1E829E68-8760-4404-8662-D8B816147B01}.Debug|x64.Build.0 = Debug|x64
		{1E829E68-8760-4404-8662-D8B816147B01}.Debug|x86.ActiveCfg = Debug|Win32
		{1E829E68-8760-4404-8662-D8B816147B01}.Debug|x86.Build.0 = Debug|Win32
		{1E829E68-8760-4404-8662-D8B816147B01}.Release|x64.ActiveCfg = Release|x64
		{1E829E68-8760-4404-8662-D8B816147B01}.Release|x64.Build.0 = Release|x64
		{1E829E68-8760-4404-8662-D8B816147B01}.Release|x86.ActiveCfg = Release|Win32
		{1E829E68-8760-4404-8662-D8B816147B01}.Release|x86.Build.0 = Release|Win32
		{F9293F56-046D-4E82-A08F-5C15C188ABD5}.Debug|x64.ActiveCfg = Debug|x64
		{F9293F56-046D-4E82-A08F-5C15C188ABD5}.Debug|x64.Build.0 = Debug|x64
		{F9293F56-046D-4E82-A08F-5C15C188ABD5}.Debug|x86.ActiveCfg = Debug|Win32
		{F9293F56-046D-4E82-A08F-5C15C188ABD5}.Debug|x86.Build.0 = Debug|Win32
		{F9293F56-046D-4E82-A08F-5C15C188ABD5}.Release|x64.ActiveCfg = Release|x64
		{F9293F56-046D-4E82-A08F-5C15C188ABD5}.Release|x64.Build.0 = Release|x64
		{F9293F56-046D-4E82-A08F-5C15C188ABD5}.Release|x86.ActiveCfg = Release|Win32
		{F9293F56-046D-4E82-A08F-5C15C188ABD5}.Release|x86.Build.0 = Release|Win32
		{6482276C-33D5-42AE-8526-0A21E5CF9590}.Debug|x64.ActiveCfg = Debug|x64
		{6482276C-33D5-42AE-8526-0A21E5CF9590}.Debug|x64.Build.0 = Debug|x64
		{6482276C-33D5-42AE-8526-0A21E5CF9590}.Debug|x86.ActiveCfg = Debug|Win32
		{6482276C-33D5-42AE-8526-0A21E5CF9590}.Debug|x86.Build.0 = Debug|Win32
		{6482276C-33D5-42AE-8526-0A21E5CF9590}.Release|x64.ActiveCfg = Release|x64
		{6482276C-33D5-42AE-8526-0A21E5CF9590}.Release|x64.Build.0 = Release|x64
		{6482276C-33D5-42AE-8526-0A21E5CF9590}.Release|x86.ActiveCfg = Release|Win32
		{6482276C-33D5-42AE-8526-0A21E5CF9590}.Release|x86.Build.0 = Release|Win32
	EndGlobalSection
	GlobalSection(SolutionProperties) = preSolution
		HideSolutionNode = FALSE
	EndGlobalSection
	GlobalSection(ExtensibilityGlobals) = postSolution
		SolutionGuid = {FAAE17B9-6355-4747-9E7C-E5676713A23F}
	EndGlobalSection
EndGlobal
